<?xml version="1.0" encoding="utf-8"?>
<Project ToolsVersion="4.0" xmlns="http://schemas.microsoft.com/developer/msbuild/2003">
  <ItemGroup>
    <Filter Include="Source Files">
      <UniqueIdentifier>{4FC737F1-C7A5-4376-A066-2A32D752A2FF}</UniqueIdentifier>
      <Extensions>cpp;c;cc;cxx;def;odl;idl;hpj;bat;asm;asmx</Extensions>
    </Filter>
    <Filter Include="Header Files">
      <UniqueIdentifier>{93995380-89BD-4b04-88EB-625FBE52EBFB}</UniqueIdentifier>
      <Extensions>h;hh;hpp;hxx;hm;inl;inc;xsd</Extensions>
    </Filter>
    <Filter Include="Resource Files">
      <UniqueIdentifier>{67DA6AB6-F800-4c08-8B7A-83BB121AAD01}</UniqueIdentifier>
      <Extensions>rc;ico;cur;bmp;dlg;rc2;rct;bin;rgs;gif;jpg;jpeg;jpe;resx;tiff;tif;png;wav;mfcribbon-ms</Extensions>
    </Filter>
    <Filter Include="Source Files\Control Panel UI">
      <UniqueIdentifier>{5f29a82c-bada-42a0-b853-bb6a0a2afd85}</UniqueIdentifier>
    </Filter>
    <Filter Include="Source Files\lzma">
      <UniqueIdentifier>{96d41202-13b3-4ec8-9ae2-e748e358efb6}</UniqueIdentifier>
    </Filter>
  </ItemGroup>
  <ItemGroup>
    <Text Include="ReadMe.txt" />
    <Text Include="keyboard.h">
      <Filter>Header Files</Filter>
    </Text>
  </ItemGroup>
  <ItemGroup>
    <ClInclude Include="log.h">
      <Filter>Header Files</Filter>
    </ClInclude>
    <ClInclude Include="config.h">
      <Filter>Header Files</Filter>
    </ClInclude>
    <ClInclude Include="parameter.h">
      <Filter>Header Files</Filter>
    </ClInclude>
    <ClInclude Include="ini.h">
      <Filter>Header Files</Filter>
    </ClInclude>
    <ClInclude Include="hook.h">
      <Filter>Header Files</Filter>
    </ClInclude>
    <ClInclude Include="sound.h">
      <Filter>Header Files</Filter>
    </ClInclude>
    <ClInclude Include="framerate.h">
      <Filter>Header Files</Filter>
    </ClInclude>
    <ClInclude Include="general_io.h">
      <Filter>Header Files</Filter>
    </ClInclude>
    <ClInclude Include="steam.h">
      <Filter>Header Files</Filter>
    </ClInclude>
    <ClInclude Include="command.h">
      <Filter>Header Files</Filter>
    </ClInclude>
    <ClInclude Include="render.h">
      <Filter>Header Files</Filter>
    </ClInclude>
    <ClInclude Include="scanner.h">
      <Filter>Header Files</Filter>
    </ClInclude>
    <ClInclude Include="priest.lua.h">
      <Filter>Header Files</Filter>
    </ClInclude>
    <ClInclude Include="textures.h">
      <Filter>Header Files</Filter>
    </ClInclude>
    <ClInclude Include="DLL_VERSION.H">
      <Filter>Header Files</Filter>
    </ClInclude>
    <ClInclude Include="resource.h">
      <Filter>Header Files</Filter>
    </ClInclude>
  </ItemGroup>
  <ItemGroup>
    <ClCompile Include="dllmain.cpp">
      <Filter>Source Files</Filter>
    </ClCompile>
    <ClCompile Include="log.cpp">
      <Filter>Source Files</Filter>
    </ClCompile>
    <ClCompile Include="config.cpp">
      <Filter>Source Files</Filter>
    </ClCompile>
    <ClCompile Include="parameter.cpp">
      <Filter>Source Files</Filter>
    </ClCompile>
    <ClCompile Include="ini.cpp">
      <Filter>Source Files</Filter>
    </ClCompile>
    <ClCompile Include="sound.cpp">
      <Filter>Source Files</Filter>
    </ClCompile>
    <ClCompile Include="hook.cpp">
      <Filter>Source Files</Filter>
    </ClCompile>
    <ClCompile Include="framerate.cpp">
      <Filter>Source Files</Filter>
    </ClCompile>
    <ClCompile Include="general_io.cpp">
      <Filter>Source Files</Filter>
    </ClCompile>
    <ClCompile Include="steam.cpp">
      <Filter>Source Files</Filter>
    </ClCompile>
    <ClCompile Include="command.cpp">
      <Filter>Source Files</Filter>
    </ClCompile>
    <ClCompile Include="render.cpp">
      <Filter>Source Files</Filter>
    </ClCompile>
    <ClCompile Include="keyboard.cpp">
      <Filter>Source Files</Filter>
    </ClCompile>
    <ClCompile Include="scanner.cpp">
      <Filter>Source Files</Filter>
    </ClCompile>
    <ClCompile Include="textures.cpp">
      <Filter>Source Files</Filter>
    </ClCompile>
    <ClCompile Include="control_panel.cpp">
      <Filter>Source Files\Control Panel UI</Filter>
    </ClCompile>
    <ClCompile Include="lzma\7zAlloc.c">
      <Filter>Source Files\lzma</Filter>
    </ClCompile>
    <ClCompile Include="lzma\7zArcIn.c">
      <Filter>Source Files\lzma</Filter>
    </ClCompile>
    <ClCompile Include="lzma\7zBuf.c">
      <Filter>Source Files\lzma</Filter>
    </ClCompile>
    <ClCompile Include="lzma\7zBuf2.c">
      <Filter>Source Files\lzma</Filter>
    </ClCompile>
    <ClCompile Include="lzma\7zCrc.c">
      <Filter>Source Files\lzma</Filter>
    </ClCompile>
    <ClCompile Include="lzma\7zCrcOpt.c">
      <Filter>Source Files\lzma</Filter>
    </ClCompile>
    <ClCompile Include="lzma\7zDec.c">
      <Filter>Source Files\lzma</Filter>
    </ClCompile>
    <ClCompile Include="lzma\7zFile.c">
      <Filter>Source Files\lzma</Filter>
    </ClCompile>
    <ClCompile Include="lzma\7zStream.c">
      <Filter>Source Files\lzma</Filter>
    </ClCompile>
    <ClCompile Include="lzma\Aes.c">
      <Filter>Source Files\lzma</Filter>
    </ClCompile>
    <ClCompile Include="lzma\AesOpt.c">
      <Filter>Source Files\lzma</Filter>
    </ClCompile>
    <ClCompile Include="lzma\Alloc.c">
      <Filter>Source Files\lzma</Filter>
    </ClCompile>
    <ClCompile Include="lzma\Bcj2.c">
      <Filter>Source Files\lzma</Filter>
    </ClCompile>
    <ClCompile Include="lzma\Bcj2Enc.c">
      <Filter>Source Files\lzma</Filter>
    </ClCompile>
    <ClCompile Include="lzma\Bra.c">
      <Filter>Source Files\lzma</Filter>
    </ClCompile>
    <ClCompile Include="lzma\Bra86.c">
      <Filter>Source Files\lzma</Filter>
    </ClCompile>
    <ClCompile Include="lzma\BraIA64.c">
      <Filter>Source Files\lzma</Filter>
    </ClCompile>
    <ClCompile Include="lzma\CpuArch.c">
      <Filter>Source Files\lzma</Filter>
    </ClCompile>
    <ClCompile Include="lzma\Delta.c">
      <Filter>Source Files\lzma</Filter>
    </ClCompile>
    <ClCompile Include="lzma\LzFind.c">
      <Filter>Source Files\lzma</Filter>
    </ClCompile>
    <ClCompile Include="lzma\LzFindMt.c">
      <Filter>Source Files\lzma</Filter>
    </ClCompile>
    <ClCompile Include="lzma\Lzma2Dec.c">
      <Filter>Source Files\lzma</Filter>
    </ClCompile>
    <ClCompile Include="lzma\Lzma2Enc.c">
      <Filter>Source Files\lzma</Filter>
    </ClCompile>
    <ClCompile Include="lzma\Lzma86Dec.c">
      <Filter>Source Files\lzma</Filter>
    </ClCompile>
    <ClCompile Include="lzma\Lzma86Enc.c">
      <Filter>Source Files\lzma</Filter>
    </ClCompile>
    <ClCompile Include="lzma\LzmaDec.c">
      <Filter>Source Files\lzma</Filter>
    </ClCompile>
    <ClCompile Include="lzma\LzmaEnc.c">
      <Filter>Source Files\lzma</Filter>
    </ClCompile>
    <ClCompile Include="lzma\LzmaLib.c">
      <Filter>Source Files\lzma</Filter>
    </ClCompile>
    <ClCompile Include="lzma\MtCoder.c">
      <Filter>Source Files\lzma</Filter>
    </ClCompile>
    <ClCompile Include="lzma\Ppmd7.c">
      <Filter>Source Files\lzma</Filter>
    </ClCompile>
    <ClCompile Include="lzma\Ppmd7Dec.c">
      <Filter>Source Files\lzma</Filter>
    </ClCompile>
    <ClCompile Include="lzma\Ppmd7Enc.c">
      <Filter>Source Files\lzma</Filter>
    </ClCompile>
    <ClCompile Include="lzma\Sha256.c">
      <Filter>Source Files\lzma</Filter>
    </ClCompile>
    <ClCompile Include="lzma\Sort.c">
      <Filter>Source Files\lzma</Filter>
    </ClCompile>
    <ClCompile Include="lzma\Threads.c">
      <Filter>Source Files\lzma</Filter>
    </ClCompile>
    <ClCompile Include="lzma\Xz.c">
      <Filter>Source Files\lzma</Filter>
    </ClCompile>
    <ClCompile Include="lzma\XzCrc64.c">
      <Filter>Source Files\lzma</Filter>
    </ClCompile>
    <ClCompile Include="lzma\XzCrc64Opt.c">
      <Filter>Source Files\lzma</Filter>
    </ClCompile>
    <ClCompile Include="lzma\XzDec.c">
      <Filter>Source Files\lzma</Filter>
    </ClCompile>
    <ClCompile Include="lzma\XzEnc.c">
      <Filter>Source Files\lzma</Filter>
    </ClCompile>
    <ClCompile Include="lzma\XzIn.c">
      <Filter>Source Files\lzma</Filter>
    </ClCompile>
    <ClCompile Include="mod_tools.cpp">
      <Filter>Source Files\Control Panel UI</Filter>
    </ClCompile>
  </ItemGroup>
  <ItemGroup>
    <None Include="symbols.def">
      <Filter>Source Files</Filter>
    </None>
    <None Include="..\installer.dll" />
    <None Include="..\version.ini" />
  </ItemGroup>
  <ItemGroup>
    <ResourceCompile Include="version.rc">
      <Filter>Resource Files</Filter>
    </ResourceCompile>
  </ItemGroup>
</Project>